// !$*UTF8*$!
{
	archiveVersion = 1;
	classes = {
	};
	objectVersion = 50;
	objects = {

/* Begin PBXBuildFile section */
		D4271B2D24F55C9100318765 /* WidgetKit.framework in Frameworks */ = {isa = PBXBuildFile; fileRef = D4271B2C24F55C9100318765 /* WidgetKit.framework */; };
		D4271B2F24F55C9100318765 /* SwiftUI.framework in Frameworks */ = {isa = PBXBuildFile; fileRef = D4271B2E24F55C9100318765 /* SwiftUI.framework */; };
		D4271B3224F55C9100318765 /* TVfootbalWidget.swift in Sources */ = {isa = PBXBuildFile; fileRef = D4271B3124F55C9100318765 /* TVfootbalWidget.swift */; };
		D4271B3424F55C9800318765 /* Assets.xcassets in Resources */ = {isa = PBXBuildFile; fileRef = D4271B3324F55C9800318765 /* Assets.xcassets */; };
		D4271B3924F55C9800318765 /* TVfootbalWidgetExtension.appex in Embed App Extensions */ = {isa = PBXBuildFile; fileRef = D4271B2A24F55C9100318765 /* TVfootbalWidgetExtension.appex */; settings = {ATTRIBUTES = (RemoveHeadersOnCopy, ); }; };
		D46E21FF24F6CDA0000735E1 /* ScheduleService.swift in Sources */ = {isa = PBXBuildFile; fileRef = D498DDA024ED7CA00060CB1D /* ScheduleService.swift */; };
		D498DD9124ED79C80060CB1D /* TVfootballApp.swift in Sources */ = {isa = PBXBuildFile; fileRef = D498DD9024ED79C80060CB1D /* TVfootballApp.swift */; };
		D498DD9324ED79C80060CB1D /* ContentView.swift in Sources */ = {isa = PBXBuildFile; fileRef = D498DD9224ED79C80060CB1D /* ContentView.swift */; };
		D498DD9524ED79CB0060CB1D /* Assets.xcassets in Resources */ = {isa = PBXBuildFile; fileRef = D498DD9424ED79CB0060CB1D /* Assets.xcassets */; };
		D498DD9824ED79CB0060CB1D /* Preview Assets.xcassets in Resources */ = {isa = PBXBuildFile; fileRef = D498DD9724ED79CB0060CB1D /* Preview Assets.xcassets */; };
		D498DDA124ED7CA00060CB1D /* ScheduleService.swift in Sources */ = {isa = PBXBuildFile; fileRef = D498DDA024ED7CA00060CB1D /* ScheduleService.swift */; };
		D498DDA324ED8DD20060CB1D /* ScheduleStore.swift in Sources */ = {isa = PBXBuildFile; fileRef = D498DDA224ED8DD20060CB1D /* ScheduleStore.swift */; };
		D498DDA524EDA6770060CB1D /* ScheduleRow.swift in Sources */ = {isa = PBXBuildFile; fileRef = D498DDA424EDA6770060CB1D /* ScheduleRow.swift */; };
		D4D16D4324EEC14A00E2AE62 /* ScheduleDayRow.swift in Sources */ = {isa = PBXBuildFile; fileRef = D4D16D4224EEC14A00E2AE62 /* ScheduleDayRow.swift */; };
/* End PBXBuildFile section */

/* Begin PBXContainerItemProxy section */
		D4271B3724F55C9800318765 /* PBXContainerItemProxy */ = {
			isa = PBXContainerItemProxy;
			containerPortal = D498DD8524ED79C80060CB1D /* Project object */;
			proxyType = 1;
			remoteGlobalIDString = D4271B2924F55C9100318765;
			remoteInfo = TVfootbalWidgetExtension;
		};
/* End PBXContainerItemProxy section */

/* Begin PBXCopyFilesBuildPhase section */
		D4271B3A24F55C9800318765 /* Embed App Extensions */ = {
			isa = PBXCopyFilesBuildPhase;
			buildActionMask = 2147483647;
			dstPath = "";
			dstSubfolderSpec = 13;
			files = (
				D4271B3924F55C9800318765 /* TVfootbalWidgetExtension.appex in Embed App Extensions */,
			);
			name = "Embed App Extensions";
			runOnlyForDeploymentPostprocessing = 0;
		};
/* End PBXCopyFilesBuildPhase section */

/* Begin PBXFileReference section */
		D4271B2A24F55C9100318765 /* TVfootbalWidgetExtension.appex */ = {isa = PBXFileReference; explicitFileType = "wrapper.app-extension"; includeInIndex = 0; path = TVfootbalWidgetExtension.appex; sourceTree = BUILT_PRODUCTS_DIR; };
		D4271B2C24F55C9100318765 /* WidgetKit.framework */ = {isa = PBXFileReference; lastKnownFileType = wrapper.framework; name = WidgetKit.framework; path = System/Library/Frameworks/WidgetKit.framework; sourceTree = SDKROOT; };
		D4271B2E24F55C9100318765 /* SwiftUI.framework */ = {isa = PBXFileReference; lastKnownFileType = wrapper.framework; name = SwiftUI.framework; path = System/Library/Frameworks/SwiftUI.framework; sourceTree = SDKROOT; };
		D4271B3124F55C9100318765 /* TVfootbalWidget.swift */ = {isa = PBXFileReference; lastKnownFileType = sourcecode.swift; path = TVfootbalWidget.swift; sourceTree = "<group>"; };
		D4271B3324F55C9800318765 /* Assets.xcassets */ = {isa = PBXFileReference; lastKnownFileType = folder.assetcatalog; path = Assets.xcassets; sourceTree = "<group>"; };
		D4271B3524F55C9800318765 /* Info.plist */ = {isa = PBXFileReference; lastKnownFileType = text.plist.xml; path = Info.plist; sourceTree = "<group>"; };
		D4271B3624F55C9800318765 /* TVfootbalWidget.entitlements */ = {isa = PBXFileReference; lastKnownFileType = text.plist.entitlements; path = TVfootbalWidget.entitlements; sourceTree = "<group>"; };
		D498DD8D24ED79C80060CB1D /* TVfootball.app */ = {isa = PBXFileReference; explicitFileType = wrapper.application; includeInIndex = 0; path = TVfootball.app; sourceTree = BUILT_PRODUCTS_DIR; };
		D498DD9024ED79C80060CB1D /* TVfootballApp.swift */ = {isa = PBXFileReference; lastKnownFileType = sourcecode.swift; path = TVfootballApp.swift; sourceTree = "<group>"; };
		D498DD9224ED79C80060CB1D /* ContentView.swift */ = {isa = PBXFileReference; lastKnownFileType = sourcecode.swift; path = ContentView.swift; sourceTree = "<group>"; };
		D498DD9424ED79CB0060CB1D /* Assets.xcassets */ = {isa = PBXFileReference; lastKnownFileType = folder.assetcatalog; path = Assets.xcassets; sourceTree = "<group>"; };
		D498DD9724ED79CB0060CB1D /* Preview Assets.xcassets */ = {isa = PBXFileReference; lastKnownFileType = folder.assetcatalog; path = "Preview Assets.xcassets"; sourceTree = "<group>"; };
		D498DD9924ED79CB0060CB1D /* Info.plist */ = {isa = PBXFileReference; lastKnownFileType = text.plist.xml; path = Info.plist; sourceTree = "<group>"; };
		D498DD9A24ED79CB0060CB1D /* TVfootball.entitlements */ = {isa = PBXFileReference; lastKnownFileType = text.plist.entitlements; path = TVfootball.entitlements; sourceTree = "<group>"; };
		D498DDA024ED7CA00060CB1D /* ScheduleService.swift */ = {isa = PBXFileReference; lastKnownFileType = sourcecode.swift; path = ScheduleService.swift; sourceTree = "<group>"; };
		D498DDA224ED8DD20060CB1D /* ScheduleStore.swift */ = {isa = PBXFileReference; lastKnownFileType = sourcecode.swift; path = ScheduleStore.swift; sourceTree = "<group>"; };
		D498DDA424EDA6770060CB1D /* ScheduleRow.swift */ = {isa = PBXFileReference; lastKnownFileType = sourcecode.swift; path = ScheduleRow.swift; sourceTree = "<group>"; };
		D4D16D4224EEC14A00E2AE62 /* ScheduleDayRow.swift */ = {isa = PBXFileReference; lastKnownFileType = sourcecode.swift; path = ScheduleDayRow.swift; sourceTree = "<group>"; };
/* End PBXFileReference section */

/* Begin PBXFrameworksBuildPhase section */
		D4271B2724F55C9100318765 /* Frameworks */ = {
			isa = PBXFrameworksBuildPhase;
			buildActionMask = 2147483647;
			files = (
				D4271B2F24F55C9100318765 /* SwiftUI.framework in Frameworks */,
				D4271B2D24F55C9100318765 /* WidgetKit.framework in Frameworks */,
			);
			runOnlyForDeploymentPostprocessing = 0;
		};
		D498DD8A24ED79C80060CB1D /* Frameworks */ = {
			isa = PBXFrameworksBuildPhase;
			buildActionMask = 2147483647;
			files = (
			);
			runOnlyForDeploymentPostprocessing = 0;
		};
/* End PBXFrameworksBuildPhase section */

/* Begin PBXGroup section */
		D4271B2B24F55C9100318765 /* Frameworks */ = {
			isa = PBXGroup;
			children = (
				D4271B2C24F55C9100318765 /* WidgetKit.framework */,
				D4271B2E24F55C9100318765 /* SwiftUI.framework */,
			);
			name = Frameworks;
			sourceTree = "<group>";
		};
		D4271B3024F55C9100318765 /* TVfootbalWidget */ = {
			isa = PBXGroup;
			children = (
				D4271B3124F55C9100318765 /* TVfootbalWidget.swift */,
				D4271B3324F55C9800318765 /* Assets.xcassets */,
				D4271B3524F55C9800318765 /* Info.plist */,
				D4271B3624F55C9800318765 /* TVfootbalWidget.entitlements */,
			);
			path = TVfootbalWidget;
			sourceTree = "<group>";
		};
		D498DD8424ED79C80060CB1D = {
			isa = PBXGroup;
			children = (
				D498DD8F24ED79C80060CB1D /* TVfootball */,
				D4271B3024F55C9100318765 /* TVfootbalWidget */,
				D4271B2B24F55C9100318765 /* Frameworks */,
				D498DD8E24ED79C80060CB1D /* Products */,
			);
			sourceTree = "<group>";
		};
		D498DD8E24ED79C80060CB1D /* Products */ = {
			isa = PBXGroup;
			children = (
				D498DD8D24ED79C80060CB1D /* TVfootball.app */,
				D4271B2A24F55C9100318765 /* TVfootbalWidgetExtension.appex */,
			);
			name = Products;
			sourceTree = "<group>";
		};
		D498DD8F24ED79C80060CB1D /* TVfootball */ = {
			isa = PBXGroup;
			children = (
				D498DD9024ED79C80060CB1D /* TVfootballApp.swift */,
				D498DD9224ED79C80060CB1D /* ContentView.swift */,
				D498DD9424ED79CB0060CB1D /* Assets.xcassets */,
				D498DD9924ED79CB0060CB1D /* Info.plist */,
				D498DD9A24ED79CB0060CB1D /* TVfootball.entitlements */,
				D498DD9624ED79CB0060CB1D /* Preview Content */,
				D498DDA024ED7CA00060CB1D /* ScheduleService.swift */,
				D498DDA224ED8DD20060CB1D /* ScheduleStore.swift */,
				D498DDA424EDA6770060CB1D /* ScheduleRow.swift */,
				D4D16D4224EEC14A00E2AE62 /* ScheduleDayRow.swift */,
			);
			path = TVfootball;
			sourceTree = "<group>";
		};
		D498DD9624ED79CB0060CB1D /* Preview Content */ = {
			isa = PBXGroup;
			children = (
				D498DD9724ED79CB0060CB1D /* Preview Assets.xcassets */,
			);
			path = "Preview Content";
			sourceTree = "<group>";
		};
/* End PBXGroup section */

/* Begin PBXNativeTarget section */
		D4271B2924F55C9100318765 /* TVfootbalWidgetExtension */ = {
			isa = PBXNativeTarget;
			buildConfigurationList = D4271B3D24F55C9800318765 /* Build configuration list for PBXNativeTarget "TVfootbalWidgetExtension" */;
			buildPhases = (
				D4271B2624F55C9100318765 /* Sources */,
				D4271B2724F55C9100318765 /* Frameworks */,
				D4271B2824F55C9100318765 /* Resources */,
			);
			buildRules = (
			);
			dependencies = (
			);
			name = TVfootbalWidgetExtension;
			productName = TVfootbalWidgetExtension;
			productReference = D4271B2A24F55C9100318765 /* TVfootbalWidgetExtension.appex */;
			productType = "com.apple.product-type.app-extension";
		};
		D498DD8C24ED79C80060CB1D /* TVfootball */ = {
			isa = PBXNativeTarget;
			buildConfigurationList = D498DD9D24ED79CB0060CB1D /* Build configuration list for PBXNativeTarget "TVfootball" */;
			buildPhases = (
				D498DD8924ED79C80060CB1D /* Sources */,
				D498DD8A24ED79C80060CB1D /* Frameworks */,
				D498DD8B24ED79C80060CB1D /* Resources */,
				D4271B3A24F55C9800318765 /* Embed App Extensions */,
			);
			buildRules = (
			);
			dependencies = (
				D4271B3824F55C9800318765 /* PBXTargetDependency */,
			);
			name = TVfootball;
			productName = TVfootball;
			productReference = D498DD8D24ED79C80060CB1D /* TVfootball.app */;
			productType = "com.apple.product-type.application";
		};
/* End PBXNativeTarget section */

/* Begin PBXProject section */
		D498DD8524ED79C80060CB1D /* Project object */ = {
			isa = PBXProject;
			attributes = {
				LastSwiftUpdateCheck = 1200;
				LastUpgradeCheck = 1200;
				TargetAttributes = {
					D4271B2924F55C9100318765 = {
						CreatedOnToolsVersion = 12.0;
					};
					D498DD8C24ED79C80060CB1D = {
						CreatedOnToolsVersion = 12.0;
					};
				};
			};
			buildConfigurationList = D498DD8824ED79C80060CB1D /* Build configuration list for PBXProject "TVfootball" */;
			compatibilityVersion = "Xcode 9.3";
			developmentRegion = en;
			hasScannedForEncodings = 0;
			knownRegions = (
				en,
				Base,
			);
			mainGroup = D498DD8424ED79C80060CB1D;
			productRefGroup = D498DD8E24ED79C80060CB1D /* Products */;
			projectDirPath = "";
			projectRoot = "";
			targets = (
				D498DD8C24ED79C80060CB1D /* TVfootball */,
				D4271B2924F55C9100318765 /* TVfootbalWidgetExtension */,
			);
		};
/* End PBXProject section */

/* Begin PBXResourcesBuildPhase section */
		D4271B2824F55C9100318765 /* Resources */ = {
			isa = PBXResourcesBuildPhase;
			buildActionMask = 2147483647;
			files = (
				D4271B3424F55C9800318765 /* Assets.xcassets in Resources */,
			);
			runOnlyForDeploymentPostprocessing = 0;
		};
		D498DD8B24ED79C80060CB1D /* Resources */ = {
			isa = PBXResourcesBuildPhase;
			buildActionMask = 2147483647;
			files = (
				D498DD9824ED79CB0060CB1D /* Preview Assets.xcassets in Resources */,
				D498DD9524ED79CB0060CB1D /* Assets.xcassets in Resources */,
			);
			runOnlyForDeploymentPostprocessing = 0;
		};
/* End PBXResourcesBuildPhase section */

/* Begin PBXSourcesBuildPhase section */
		D4271B2624F55C9100318765 /* Sources */ = {
			isa = PBXSourcesBuildPhase;
			buildActionMask = 2147483647;
			files = (
				D46E21FF24F6CDA0000735E1 /* ScheduleService.swift in Sources */,
				D4271B3224F55C9100318765 /* TVfootbalWidget.swift in Sources */,
			);
			runOnlyForDeploymentPostprocessing = 0;
		};
		D498DD8924ED79C80060CB1D /* Sources */ = {
			isa = PBXSourcesBuildPhase;
			buildActionMask = 2147483647;
			files = (
				D498DDA324ED8DD20060CB1D /* ScheduleStore.swift in Sources */,
				D498DDA124ED7CA00060CB1D /* ScheduleService.swift in Sources */,
				D4D16D4324EEC14A00E2AE62 /* ScheduleDayRow.swift in Sources */,
				D498DD9324ED79C80060CB1D /* ContentView.swift in Sources */,
				D498DD9124ED79C80060CB1D /* TVfootballApp.swift in Sources */,
				D498DDA524EDA6770060CB1D /* ScheduleRow.swift in Sources */,
			);
			runOnlyForDeploymentPostprocessing = 0;
		};
/* End PBXSourcesBuildPhase section */

/* Begin PBXTargetDependency section */
		D4271B3824F55C9800318765 /* PBXTargetDependency */ = {
			isa = PBXTargetDependency;
			target = D4271B2924F55C9100318765 /* TVfootbalWidgetExtension */;
			targetProxy = D4271B3724F55C9800318765 /* PBXContainerItemProxy */;
		};
/* End PBXTargetDependency section */

/* Begin XCBuildConfiguration section */
		D4271B3B24F55C9800318765 /* Debug */ = {
			isa = XCBuildConfiguration;
			buildSettings = {
				ASSETCATALOG_COMPILER_GLOBAL_ACCENT_COLOR_NAME = AccentColor;
				ASSETCATALOG_COMPILER_WIDGET_BACKGROUND_COLOR_NAME = WidgetBackground;
				CODE_SIGN_ENTITLEMENTS = TVfootbalWidget/TVfootbalWidget.entitlements;
				CODE_SIGN_IDENTITY = "-";
				CODE_SIGN_STYLE = Automatic;
				DEVELOPMENT_TEAM = DSDJBCKZT4;
				ENABLE_HARDENED_RUNTIME = YES;
				INFOPLIST_FILE = TVfootbalWidget/Info.plist;
				LD_RUNPATH_SEARCH_PATHS = (
					"$(inherited)",
					"@executable_path/../Frameworks",
					"@executable_path/../../../../Frameworks",
				);
				MACOSX_DEPLOYMENT_TARGET = 11.0;
				PRODUCT_BUNDLE_IDENTIFIER = home.TVfootball.TVfootbalWidget;
				PRODUCT_NAME = "$(TARGET_NAME)";
				SKIP_INSTALL = YES;
				SWIFT_VERSION = 5.0;
			};
			name = Debug;
		};
		D4271B3C24F55C9800318765 /* Release */ = {
			isa = XCBuildConfiguration;
			buildSettings = {
				ASSETCATALOG_COMPILER_GLOBAL_ACCENT_COLOR_NAME = AccentColor;
				ASSETCATALOG_COMPILER_WIDGET_BACKGROUND_COLOR_NAME = WidgetBackground;
				CODE_SIGN_ENTITLEMENTS = TVfootbalWidget/TVfootbalWidget.entitlements;
				CODE_SIGN_IDENTITY = "-";
				CODE_SIGN_STYLE = Automatic;
				DEVELOPMENT_TEAM = DSDJBCKZT4;
				ENABLE_HARDENED_RUNTIME = YES;
				INFOPLIST_FILE = TVfootbalWidget/Info.plist;
				LD_RUNPATH_SEARCH_PATHS = (
					"$(inherited)",
					"@executable_path/../Frameworks",
					"@executable_path/../../../../Frameworks",
				);
				MACOSX_DEPLOYMENT_TARGET = 11.0;
				PRODUCT_BUNDLE_IDENTIFIER = home.TVfootball.TVfootbalWidget;
				PRODUCT_NAME = "$(TARGET_NAME)";
				SKIP_INSTALL = YES;
				SWIFT_VERSION = 5.0;
			};
			name = Release;
		};
		D498DD9B24ED79CB0060CB1D /* Debug */ = {
			isa = XCBuildConfiguration;
			buildSettings = {
				ALWAYS_SEARCH_USER_PATHS = NO;
				CLANG_ANALYZER_NONNULL = YES;
				CLANG_ANALYZER_NUMBER_OBJECT_CONVERSION = YES_AGGRESSIVE;
				CLANG_CXX_LANGUAGE_STANDARD = "gnu++14";
				CLANG_CXX_LIBRARY = "libc++";
				CLANG_ENABLE_MODULES = YES;
				CLANG_ENABLE_OBJC_ARC = YES;
				CLANG_ENABLE_OBJC_WEAK = YES;
				CLANG_WARN_BLOCK_CAPTURE_AUTORELEASING = YES;
				CLANG_WARN_BOOL_CONVERSION = YES;
				CLANG_WARN_COMMA = YES;
				CLANG_WARN_CONSTANT_CONVERSION = YES;
				CLANG_WARN_DEPRECATED_OBJC_IMPLEMENTATIONS = YES;
				CLANG_WARN_DIRECT_OBJC_ISA_USAGE = YES_ERROR;
				CLANG_WARN_DOCUMENTATION_COMMENTS = YES;
				CLANG_WARN_EMPTY_BODY = YES;
				CLANG_WARN_ENUM_CONVERSION = YES;
				CLANG_WARN_INFINITE_RECURSION = YES;
				CLANG_WARN_INT_CONVERSION = YES;
				CLANG_WARN_NON_LITERAL_NULL_CONVERSION = YES;
				CLANG_WARN_OBJC_IMPLICIT_RETAIN_SELF = YES;
				CLANG_WARN_OBJC_LITERAL_CONVERSION = YES;
				CLANG_WARN_OBJC_ROOT_CLASS = YES_ERROR;
				CLANG_WARN_QUOTED_INCLUDE_IN_FRAMEWORK_HEADER = YES;
				CLANG_WARN_RANGE_LOOP_ANALYSIS = YES;
				CLANG_WARN_STRICT_PROTOTYPES = YES;
				CLANG_WARN_SUSPICIOUS_MOVE = YES;
				CLANG_WARN_UNGUARDED_AVAILABILITY = YES_AGGRESSIVE;
				CLANG_WARN_UNREACHABLE_CODE = YES;
				CLANG_WARN__DUPLICATE_METHOD_MATCH = YES;
				COPY_PHASE_STRIP = NO;
				DEBUG_INFORMATION_FORMAT = dwarf;
				ENABLE_STRICT_OBJC_MSGSEND = YES;
				ENABLE_TESTABILITY = YES;
				GCC_C_LANGUAGE_STANDARD = gnu11;
				GCC_DYNAMIC_NO_PIC = NO;
				GCC_NO_COMMON_BLOCKS = YES;
				GCC_OPTIMIZATION_LEVEL = 0;
				GCC_PREPROCESSOR_DEFINITIONS = (
					"DEBUG=1",
					"$(inherited)",
				);
				GCC_WARN_64_TO_32_BIT_CONVERSION = YES;
				GCC_WARN_ABOUT_RETURN_TYPE = YES_ERROR;
				GCC_WARN_UNDECLARED_SELECTOR = YES;
				GCC_WARN_UNINITIALIZED_AUTOS = YES_AGGRESSIVE;
				GCC_WARN_UNUSED_FUNCTION = YES;
				GCC_WARN_UNUSED_VARIABLE = YES;
				MACOSX_DEPLOYMENT_TARGET = 11.0;
				MTL_ENABLE_DEBUG_INFO = INCLUDE_SOURCE;
				MTL_FAST_MATH = YES;
				ONLY_ACTIVE_ARCH = YES;
				SDKROOT = macosx;
				SWIFT_ACTIVE_COMPILATION_CONDITIONS = DEBUG;
				SWIFT_OPTIMIZATION_LEVEL = "-Onone";
			};
			name = Debug;
		};
		D498DD9C24ED79CB0060CB1D /* Release */ = {
			isa = XCBuildConfiguration;
			buildSettings = {
				ALWAYS_SEARCH_USER_PATHS = NO;
				CLANG_ANALYZER_NONNULL = YES;
				CLANG_ANALYZER_NUMBER_OBJECT_CONVERSION = YES_AGGRESSIVE;
				CLANG_CXX_LANGUAGE_STANDARD = "gnu++14";
				CLANG_CXX_LIBRARY = "libc++";
				CLANG_ENABLE_MODULES = YES;
				CLANG_ENABLE_OBJC_ARC = YES;
				CLANG_ENABLE_OBJC_WEAK = YES;
				CLANG_WARN_BLOCK_CAPTURE_AUTORELEASING = YES;
				CLANG_WARN_BOOL_CONVERSION = YES;
				CLANG_WARN_COMMA = YES;
				CLANG_WARN_CONSTANT_CONVERSION = YES;
				CLANG_WARN_DEPRECATED_OBJC_IMPLEMENTATIONS = YES;
				CLANG_WARN_DIRECT_OBJC_ISA_USAGE = YES_ERROR;
				CLANG_WARN_DOCUMENTATION_COMMENTS = YES;
				CLANG_WARN_EMPTY_BODY = YES;
				CLANG_WARN_ENUM_CONVERSION = YES;
				CLANG_WARN_INFINITE_RECURSION = YES;
				CLANG_WARN_INT_CONVERSION = YES;
				CLANG_WARN_NON_LITERAL_NULL_CONVERSION = YES;
				CLANG_WARN_OBJC_IMPLICIT_RETAIN_SELF = YES;
				CLANG_WARN_OBJC_LITERAL_CONVERSION = YES;
				CLANG_WARN_OBJC_ROOT_CLASS = YES_ERROR;
				CLANG_WARN_QUOTED_INCLUDE_IN_FRAMEWORK_HEADER = YES;
				CLANG_WARN_RANGE_LOOP_ANALYSIS = YES;
				CLANG_WARN_STRICT_PROTOTYPES = YES;
				CLANG_WARN_SUSPICIOUS_MOVE = YES;
				CLANG_WARN_UNGUARDED_AVAILABILITY = YES_AGGRESSIVE;
				CLANG_WARN_UNREACHABLE_CODE = YES;
				CLANG_WARN__DUPLICATE_METHOD_MATCH = YES;
				COPY_PHASE_STRIP = NO;
				DEBUG_INFORMATION_FORMAT = "dwarf-with-dsym";
				ENABLE_NS_ASSERTIONS = NO;
				ENABLE_STRICT_OBJC_MSGSEND = YES;
				GCC_C_LANGUAGE_STANDARD = gnu11;
				GCC_NO_COMMON_BLOCKS = YES;
				GCC_WARN_64_TO_32_BIT_CONVERSION = YES;
				GCC_WARN_ABOUT_RETURN_TYPE = YES_ERROR;
				GCC_WARN_UNDECLARED_SELECTOR = YES;
				GCC_WARN_UNINITIALIZED_AUTOS = YES_AGGRESSIVE;
				GCC_WARN_UNUSED_FUNCTION = YES;
				GCC_WARN_UNUSED_VARIABLE = YES;
				MACOSX_DEPLOYMENT_TARGET = 11.0;
				MTL_ENABLE_DEBUG_INFO = NO;
				MTL_FAST_MATH = YES;
				SDKROOT = macosx;
				SWIFT_COMPILATION_MODE = wholemodule;
				SWIFT_OPTIMIZATION_LEVEL = "-O";
			};
			name = Release;
		};
		D498DD9E24ED79CB0060CB1D /* Debug */ = {
			isa = XCBuildConfiguration;
			buildSettings = {
				ALWAYS_EMBED_SWIFT_STANDARD_LIBRARIES = YES;
				ASSETCATALOG_COMPILER_APPICON_NAME = AppIcon;
				ASSETCATALOG_COMPILER_GLOBAL_ACCENT_COLOR_NAME = AccentColor;
				CODE_SIGN_ENTITLEMENTS = TVfootball/TVfootball.entitlements;
				CODE_SIGN_IDENTITY = "-";
				CODE_SIGN_STYLE = Automatic;
				COMBINE_HIDPI_IMAGES = YES;
				DEVELOPMENT_ASSET_PATHS = "\"TVfootball/Preview Content\"";
				DEVELOPMENT_TEAM = DSDJBCKZT4;
				ENABLE_HARDENED_RUNTIME = YES;
				ENABLE_PREVIEWS = YES;
				INFOPLIST_FILE = TVfootball/Info.plist;
				LD_RUNPATH_SEARCH_PATHS = (
					"$(inherited)",
					"@executable_path/../Frameworks",
				);
				MACOSX_DEPLOYMENT_TARGET = 11.0;
				PRODUCT_BUNDLE_IDENTIFIER = home.TVfootball;
				PRODUCT_NAME = "$(TARGET_NAME)";
				SWIFT_VERSION = 5.0;
			};
			name = Debug;
		};
		D498DD9F24ED79CB0060CB1D /* Release */ = {
			isa = XCBuildConfiguration;
			buildSettings = {
				ALWAYS_EMBED_SWIFT_STANDARD_LIBRARIES = YES;
				ASSETCATALOG_COMPILER_APPICON_NAME = AppIcon;
				ASSETCATALOG_COMPILER_GLOBAL_ACCENT_COLOR_NAME = AccentColor;
				CODE_SIGN_ENTITLEMENTS = TVfootball/TVfootball.entitlements;
				CODE_SIGN_IDENTITY = "-";
				CODE_SIGN_STYLE = Automatic;
				COMBINE_HIDPI_IMAGES = YES;
				DEVELOPMENT_ASSET_PATHS = "\"TVfootball/Preview Content\"";
				DEVELOPMENT_TEAM = DSDJBCKZT4;
				ENABLE_HARDENED_RUNTIME = YES;
				ENABLE_PREVIEWS = YES;
				INFOPLIST_FILE = TVfootball/Info.plist;
				LD_RUNPATH_SEARCH_PATHS = (
					"$(inherited)",
					"@executable_path/../Frameworks",
				);
				MACOSX_DEPLOYMENT_TARGET = 11.0;
				PRODUCT_BUNDLE_IDENTIFIER = home.TVfootball;
				PRODUCT_NAME = "$(TARGET_NAME)";
				SWIFT_VERSION = 5.0;
			};
			name = Release;
		};
/* End XCBuildConfiguration section */

/* Begin XCConfigurationList section */
		D4271B3D24F55C9800318765 /* Build configuration list for PBXNativeTarget "TVfootbalWidgetExtension" */ = {
			isa = XCConfigurationList;
			buildConfigurations = (
				D4271B3B24F55C9800318765 /* Debug */,
				D4271B3C24F55C9800318765 /* Release */,
			);
			defaultConfigurationIsVisible = 0;
			defaultConfigurationName = Release;
		};
		D498DD8824ED79C80060CB1D /* Build configuration list for PBXProject "TVfootball" */ = {
			isa = XCConfigurationList;
			buildConfigurations = (
				D498DD9B24ED79CB0060CB1D /* Debug */,
				D498DD9C24ED79CB0060CB1D /* Release */,
			);
			defaultConfigurationIsVisible = 0;
			defaultConfigurationName = Release;
		};
		D498DD9D24ED79CB0060CB1D /* Build configuration list for PBXNativeTarget "TVfootball" */ = {
			isa = XCConfigurationList;
			buildConfigurations = (
				D498DD9E24ED79CB0060CB1D /* Debug */,
				D498DD9F24ED79CB0060CB1D /* Release */,
			);
			defaultConfigurationIsVisible = 0;
			defaultConfigurationName = Release;
		};
/* End XCConfigurationList section */
	};
	rootObject = D498DD8524ED79C80060CB1D /* Project object */;
}
